
Microsoft Visual Studio Solution File, Format Version 12.00
# Visual Studio Version 16
VisualStudioVersion = 16.0.30517.126
MinimumVisualStudioVersion = 10.0.40219.1
Project("{FAE04EC0-301F-11D3-BF4B-00C04F79EFBC}") = "UserMaintenance", "UserMaintenance\UserMaintenance.csproj", "{12E8965A-E60D-43A7-BE5F-E9AD752BDBD7}"
EndProject
Global
	GlobalSection(SolutionConfigurationPlatforms) = preSolution
		Debug|Any CPU = Debug|Any CPU
		Release|Any CPU = Release|Any CPU
	EndGlobalSection
	GlobalSection(ProjectConfigurationPlatforms) = postSolution
		{12E8965A-E60D-43A7-BE5F-E9AD752BDBD7}.Debug|Any CPU.ActiveCfg = Debug|Any CPU
		{12E8965A-E60D-43A7-BE5F-E9AD752BDBD7}.Debug|Any CPU.Build.0 = Debug|Any CPU
		{12E8965A-E60D-43A7-BE5F-E9AD752BDBD7}.Release|Any CPU.ActiveCfg = Release|Any CPU
		{12E8965A-E60D-43A7-BE5F-E9AD752BDBD7}.Release|Any CPU.Build.0 = Release|Any CPU
	EndGlobalSection
	GlobalSection(SolutionProperties) = preSolution
		HideSolutionNode = FALSE
	EndGlobalSection
	GlobalSection(ExtensibilityGlobals) = postSolution
		SolutionGuid = {DB1804DD-C7CD-4565-9EC4-F381609AD275}
	EndGlobalSection
EndGlobal
